
Microsoft Visual Studio Solution File, Format Version 12.00
# Visual Studio Version 17
VisualStudioVersion = 17.7.33711.374
MinimumVisualStudioVersion = 10.0.40219.1
Project("{8BC9CEB8-8B4A-11D0-8D11-00A0C91BC942}") = "ThreadPool.cpp", "ThreadPool.cpp\ThreadPool.cpp.vcxproj", "{DED81DB8-D944-4D19-8BAE-859FA7283ADC}"
EndProject
Global
	GlobalSection(SolutionConfigurationPlatforms) = preSolution
		Debug|ARM = Debug|ARM
		Debug|ARM64 = Debug|ARM64
		Debug|x64 = Debug|x64
		Debug|x86 = Debug|x86
		Release|ARM = Release|ARM
		Release|ARM64 = Release|ARM64
		Release|x64 = Release|x64
		Release|x86 = Release|x86
	EndGlobalSection
	GlobalSection(ProjectConfigurationPlatforms) = postSolution
		{DED81DB8-D944-4D19-8BAE-859FA7283ADC}.Debug|ARM.ActiveCfg = Debug|ARM
		{DED81DB8-D944-4D19-8BAE-859FA7283ADC}.Debug|ARM.Build.0 = Debug|ARM
		{DED81DB8-D944-4D19-8BAE-859FA7283ADC}.Debug|ARM.Deploy.0 = Debug|ARM
		{DED81DB8-D944-4D19-8BAE-859FA7283ADC}.Debug|ARM64.ActiveCfg = Debug|ARM64
		{DED81DB8-D944-4D19-8BAE-859FA7283ADC}.Debug|ARM64.Build.0 = Debug|ARM64
		{DED81DB8-D944-4D19-8BAE-859FA7283ADC}.Debug|ARM64.Deploy.0 = Debug|ARM64
		{DED81DB8-D944-4D19-8BAE-859FA7283ADC}.Debug|x64.ActiveCfg = Debug|x64
		{DED81DB8-D944-4D19-8BAE-859FA7283ADC}.Debug|x64.Build.0 = Debug|x64
		{DED81DB8-D944-4D19-8BAE-859FA7283ADC}.Debug|x64.Deploy.0 = Debug|x64
		{DED81DB8-D944-4D19-8BAE-859FA7283ADC}.Debug|x86.ActiveCfg = Debug|x86
		{DED81DB8-D944-4D19-8BAE-859FA7283ADC}.Debug|x86.Build.0 = Debug|x86
		{DED81DB8-D944-4D19-8BAE-859FA7283ADC}.Debug|x86.Deploy.0 = Debug|x86
		{DED81DB8-D944-4D19-8BAE-859FA7283ADC}.Release|ARM.ActiveCfg = Release|ARM
		{DED81DB8-D944-4D19-8BAE-859FA7283ADC}.Release|ARM.Build.0 = Release|ARM
		{DED81DB8-D944-4D19-8BAE-859FA7283ADC}.Release|ARM.Deploy.0 = Release|ARM
		{DED81DB8-D944-4D19-8BAE-859FA7283ADC}.Release|ARM64.ActiveCfg = Release|ARM64
		{DED81DB8-D944-4D19-8BAE-859FA7283ADC}.Release|ARM64.Build.0 = Release|ARM64
		{DED81DB8-D944-4D19-8BAE-859FA7283ADC}.Release|ARM64.Deploy.0 = Release|ARM64
		{DED81DB8-D944-4D19-8BAE-859FA7283ADC}.Release|x64.ActiveCfg = Release|x64
		{DED81DB8-D944-4D19-8BAE-859FA7283ADC}.Release|x64.Build.0 = Release|x64
		{DED81DB8-D944-4D19-8BAE-859FA7283ADC}.Release|x64.Deploy.0 = Release|x64
		{DED81DB8-D944-4D19-8BAE-859FA7283ADC}.Release|x86.ActiveCfg = Release|x86
		{DED81DB8-D944-4D19-8BAE-859FA7283ADC}.Release|x86.Build.0 = Release|x86
		{DED81DB8-D944-4D19-8BAE-859FA7283ADC}.Release|x86.Deploy.0 = Release|x86
	EndGlobalSection
	GlobalSection(SolutionProperties) = preSolution
		HideSolutionNode = FALSE
	EndGlobalSection
	GlobalSection(ExtensibilityGlobals) = postSolution
		SolutionGuid = {6A8D06A6-B53C-451D-B59A-4164F6085012}
	EndGlobalSection
EndGlobal
